
Microsoft Visual Studio Solution File, Format Version 12.00
# Visual Studio Version 16
VisualStudioVersion = 16.0.29709.97
MinimumVisualStudioVersion = 10.0.40219.1
Project("{FAE04EC0-301F-11D3-BF4B-00C04F79EFBC}") = "CShar_Vanin_04", "CShar_Vanin_04\CShar_Vanin_04.csproj", "{063CD113-579C-46C6-A0B8-5A59CF615218}"
EndProject
Global
	GlobalSection(SolutionConfigurationPlatforms) = preSolution
		Debug|Any CPU = Debug|Any CPU
		Release|Any CPU = Release|Any CPU
	EndGlobalSection
	GlobalSection(ProjectConfigurationPlatforms) = postSolution
		{063CD113-579C-46C6-A0B8-5A59CF615218}.Debug|Any CPU.ActiveCfg = Debug|Any CPU
		{063CD113-579C-46C6-A0B8-5A59CF615218}.Debug|Any CPU.Build.0 = Debug|Any CPU
		{063CD113-579C-46C6-A0B8-5A59CF615218}.Release|Any CPU.ActiveCfg = Release|Any CPU
		{063CD113-579C-46C6-A0B8-5A59CF615218}.Release|Any CPU.Build.0 = Release|Any CPU
	EndGlobalSection
	GlobalSection(SolutionProperties) = preSolution
		HideSolutionNode = FALSE
	EndGlobalSection
	GlobalSection(ExtensibilityGlobals) = postSolution
		SolutionGuid = {4F9B3201-C57B-4FA8-B991-277C611A1242}
	EndGlobalSection
EndGlobal
